
Microsoft Visual Studio Solution File, Format Version 12.00
# Visual Studio 15
VisualStudioVersion = 15.0.28307.329
MinimumVisualStudioVersion = 10.0.40219.1
Project("{FAE04EC0-301F-11D3-BF4B-00C04F79EFBC}") = "orders", "orders\orders.csproj", "{EFA6F974-7F3E-4772-BEC2-336B2B197AAC}"
EndProject
Project("{FAE04EC0-301F-11D3-BF4B-00C04F79EFBC}") = "UnitOfWork", "StoreDbContext\UnitOfWork.csproj", "{CD617821-7F91-4A59-94EB-5AB17984B490}"
EndProject
Project("{FAE04EC0-301F-11D3-BF4B-00C04F79EFBC}") = "Enums", "Enums\Enums.csproj", "{0994938E-7752-4542-8EDB-8C7370B6E388}"
EndProject
Project("{FAE04EC0-301F-11D3-BF4B-00C04F79EFBC}") = "DomainServices", "DomainServices\DomainServices.csproj", "{06EF90BA-0D77-41EC-A301-CAB86454CE0C}"
EndProject
Project("{FAE04EC0-301F-11D3-BF4B-00C04F79EFBC}") = "DomainServices.Interfaces", "DomainServices.Interfaces\DomainServices.Interfaces.csproj", "{C8400C75-A8B9-4082-A325-12853025EFFB}"
EndProject
Project("{FAE04EC0-301F-11D3-BF4B-00C04F79EFBC}") = "DataTransferObjects", "DataTransferObjects\DataTransferObjects.csproj", "{4A8F062E-7739-4F4F-85A0-8E155F150909}"
EndProject
Project("{FAE04EC0-301F-11D3-BF4B-00C04F79EFBC}") = "Repositories", "Repositories\Repositories.csproj", "{A4D87D57-6B87-48F4-933F-6EA66362B0F9}"
EndProject
Project("{9A19103F-16F7-4668-BE54-9A1E7A4F7556}") = "AngularClient", "AngularClient\AngularClient.csproj", "{2925F562-63BB-4E1E-BDA1-4ECE60144EDD}"
EndProject
Global
	GlobalSection(SolutionConfigurationPlatforms) = preSolution
		Debug|Any CPU = Debug|Any CPU
		Release|Any CPU = Release|Any CPU
	EndGlobalSection
	GlobalSection(ProjectConfigurationPlatforms) = postSolution
		{EFA6F974-7F3E-4772-BEC2-336B2B197AAC}.Debug|Any CPU.ActiveCfg = Debug|Any CPU
		{EFA6F974-7F3E-4772-BEC2-336B2B197AAC}.Debug|Any CPU.Build.0 = Debug|Any CPU
		{EFA6F974-7F3E-4772-BEC2-336B2B197AAC}.Release|Any CPU.ActiveCfg = Release|Any CPU
		{EFA6F974-7F3E-4772-BEC2-336B2B197AAC}.Release|Any CPU.Build.0 = Release|Any CPU
		{CD617821-7F91-4A59-94EB-5AB17984B490}.Debug|Any CPU.ActiveCfg = Debug|Any CPU
		{CD617821-7F91-4A59-94EB-5AB17984B490}.Debug|Any CPU.Build.0 = Debug|Any CPU
		{CD617821-7F91-4A59-94EB-5AB17984B490}.Release|Any CPU.ActiveCfg = Release|Any CPU
		{CD617821-7F91-4A59-94EB-5AB17984B490}.Release|Any CPU.Build.0 = Release|Any CPU
		{0994938E-7752-4542-8EDB-8C7370B6E388}.Debug|Any CPU.ActiveCfg = Debug|Any CPU
		{0994938E-7752-4542-8EDB-8C7370B6E388}.Debug|Any CPU.Build.0 = Debug|Any CPU
		{0994938E-7752-4542-8EDB-8C7370B6E388}.Release|Any CPU.ActiveCfg = Release|Any CPU
		{0994938E-7752-4542-8EDB-8C7370B6E388}.Release|Any CPU.Build.0 = Release|Any CPU
		{06EF90BA-0D77-41EC-A301-CAB86454CE0C}.Debug|Any CPU.ActiveCfg = Debug|Any CPU
		{06EF90BA-0D77-41EC-A301-CAB86454CE0C}.Debug|Any CPU.Build.0 = Debug|Any CPU
		{06EF90BA-0D77-41EC-A301-CAB86454CE0C}.Release|Any CPU.ActiveCfg = Release|Any CPU
		{06EF90BA-0D77-41EC-A301-CAB86454CE0C}.Release|Any CPU.Build.0 = Release|Any CPU
		{C8400C75-A8B9-4082-A325-12853025EFFB}.Debug|Any CPU.ActiveCfg = Debug|Any CPU
		{C8400C75-A8B9-4082-A325-12853025EFFB}.Debug|Any CPU.Build.0 = Debug|Any CPU
		{C8400C75-A8B9-4082-A325-12853025EFFB}.Release|Any CPU.ActiveCfg = Release|Any CPU
		{C8400C75-A8B9-4082-A325-12853025EFFB}.Release|Any CPU.Build.0 = Release|Any CPU
		{4A8F062E-7739-4F4F-85A0-8E155F150909}.Debug|Any CPU.ActiveCfg = Debug|Any CPU
		{4A8F062E-7739-4F4F-85A0-8E155F150909}.Debug|Any CPU.Build.0 = Debug|Any CPU
		{4A8F062E-7739-4F4F-85A0-8E155F150909}.Release|Any CPU.ActiveCfg = Release|Any CPU
		{4A8F062E-7739-4F4F-85A0-8E155F150909}.Release|Any CPU.Build.0 = Release|Any CPU
		{A4D87D57-6B87-48F4-933F-6EA66362B0F9}.Debug|Any CPU.ActiveCfg = Debug|Any CPU
		{A4D87D57-6B87-48F4-933F-6EA66362B0F9}.Debug|Any CPU.Build.0 = Debug|Any CPU
		{A4D87D57-6B87-48F4-933F-6EA66362B0F9}.Release|Any CPU.ActiveCfg = Release|Any CPU
		{A4D87D57-6B87-48F4-933F-6EA66362B0F9}.Release|Any CPU.Build.0 = Release|Any CPU
		{2925F562-63BB-4E1E-BDA1-4ECE60144EDD}.Debug|Any CPU.ActiveCfg = Debug|Any CPU
		{2925F562-63BB-4E1E-BDA1-4ECE60144EDD}.Debug|Any CPU.Build.0 = Debug|Any CPU
		{2925F562-63BB-4E1E-BDA1-4ECE60144EDD}.Release|Any CPU.ActiveCfg = Release|Any CPU
		{2925F562-63BB-4E1E-BDA1-4ECE60144EDD}.Release|Any CPU.Build.0 = Release|Any CPU
	EndGlobalSection
	GlobalSection(SolutionProperties) = preSolution
		HideSolutionNode = FALSE
	EndGlobalSection
	GlobalSection(ExtensibilityGlobals) = postSolution
		SolutionGuid = {B9E6B9A2-BFF3-4B3D-A594-C3061D95CFF5}
	EndGlobalSection
EndGlobal
